
Microsoft Visual Studio Solution File, Format Version 12.00
# Visual Studio Version 17
VisualStudioVersion = 17.0.31903.59
MinimumVisualStudioVersion = 10.0.40219.1
Project("{2150E333-8FDC-42A3-9474-1A3956D46DE8}") = "src", "src", "{827E0CD3-B72D-47B6-A68D-7590B98EB39B}"
EndProject
Project("{FAE04EC0-301F-11D3-BF4B-00C04F79EFBC}") = "Permafrost2.CustomerPortal", "src\Permafrost2.CustomerPortal\Permafrost2.CustomerPortal.csproj", "{26E968F4-A096-491B-845B-1E5FFA7934ED}"
EndProject
Project("{FAE04EC0-301F-11D3-BF4B-00C04F79EFBC}") = "Permafrost2.Data", "src\Permafrost2.Data\Permafrost2.Data.csproj", "{98CC716B-2981-42F5-B06F-BF905F5075DE}"
EndProject
Project("{FAE04EC0-301F-11D3-BF4B-00C04F79EFBC}") = "Permafrost2.Api", "src\Permafrost2.Api\Permafrost2.Api.csproj", "{4E9FF553-D739-4CB3-8A85-85B6B3D4AC0E}"
EndProject
Project("{FAE04EC0-301F-11D3-BF4B-00C04F79EFBC}") = "Permafrost2.Core", "src\Permafrost2.Core\Permafrost2.Core.csproj", "{4ACC5273-32A0-4A28-B074-0C5DC5496610}"
EndProject
Project("{FAE04EC0-301F-11D3-BF4B-00C04F79EFBC}") = "Permafrost2.Shared", "src\Permafrost2.Shared\Permafrost2.Shared.csproj", "{9DA26D8E-938E-460D-9E25-D038C870B3D2}"
EndProject
Project("{FAE04EC0-301F-11D3-BF4B-00C04F79EFBC}") = "Permafrost2.DomainControllerAgent", "src\Permafrost2.DomainControllerAgent\Permafrost2.DomainControllerAgent.csproj", "{B1234567-1234-1234-1234-123456789ABC}"
EndProject
Project("{FAE04EC0-301F-11D3-BF4B-00C04F79EFBC}") = "Permafrost2.DomainControllerAgent.UI", "src\Permafrost2.DomainControllerAgent.UI\Permafrost2.DomainControllerAgent.UI.csproj", "{C1234567-1234-1234-1234-123456789ABC}"
EndProject
Global
	GlobalSection(SolutionConfigurationPlatforms) = preSolution
		Debug|Any CPU = Debug|Any CPU
		Debug|x64 = Debug|x64
		Debug|x86 = Debug|x86
		Release|Any CPU = Release|Any CPU
		Release|x64 = Release|x64
		Release|x86 = Release|x86
	EndGlobalSection
	GlobalSection(ProjectConfigurationPlatforms) = postSolution
		{26E968F4-A096-491B-845B-1E5FFA7934ED}.Debug|Any CPU.ActiveCfg = Debug|Any CPU
		{26E968F4-A096-491B-845B-1E5FFA7934ED}.Debug|Any CPU.Build.0 = Debug|Any CPU
		{26E968F4-A096-491B-845B-1E5FFA7934ED}.Debug|x64.ActiveCfg = Debug|Any CPU
		{26E968F4-A096-491B-845B-1E5FFA7934ED}.Debug|x64.Build.0 = Debug|Any CPU
		{26E968F4-A096-491B-845B-1E5FFA7934ED}.Debug|x86.ActiveCfg = Debug|Any CPU
		{26E968F4-A096-491B-845B-1E5FFA7934ED}.Debug|x86.Build.0 = Debug|Any CPU
		{26E968F4-A096-491B-845B-1E5FFA7934ED}.Release|Any CPU.ActiveCfg = Release|Any CPU
		{26E968F4-A096-491B-845B-1E5FFA7934ED}.Release|Any CPU.Build.0 = Release|Any CPU
		{26E968F4-A096-491B-845B-1E5FFA7934ED}.Release|x64.ActiveCfg = Release|Any CPU
		{26E968F4-A096-491B-845B-1E5FFA7934ED}.Release|x64.Build.0 = Release|Any CPU
		{26E968F4-A096-491B-845B-1E5FFA7934ED}.Release|x86.ActiveCfg = Release|Any CPU
		{26E968F4-A096-491B-845B-1E5FFA7934ED}.Release|x86.Build.0 = Release|Any CPU
		{98CC716B-2981-42F5-B06F-BF905F5075DE}.Debug|Any CPU.ActiveCfg = Debug|Any CPU
		{98CC716B-2981-42F5-B06F-BF905F5075DE}.Debug|Any CPU.Build.0 = Debug|Any CPU
		{98CC716B-2981-42F5-B06F-BF905F5075DE}.Debug|x64.ActiveCfg = Debug|Any CPU
		{98CC716B-2981-42F5-B06F-BF905F5075DE}.Debug|x64.Build.0 = Debug|Any CPU
		{98CC716B-2981-42F5-B06F-BF905F5075DE}.Debug|x86.ActiveCfg = Debug|Any CPU
		{98CC716B-2981-42F5-B06F-BF905F5075DE}.Debug|x86.Build.0 = Debug|Any CPU
		{98CC716B-2981-42F5-B06F-BF905F5075DE}.Release|Any CPU.ActiveCfg = Release|Any CPU
		{98CC716B-2981-42F5-B06F-BF905F5075DE}.Release|Any CPU.Build.0 = Release|Any CPU
		{98CC716B-2981-42F5-B06F-BF905F5075DE}.Release|x64.ActiveCfg = Release|Any CPU
		{98CC716B-2981-42F5-B06F-BF905F5075DE}.Release|x64.Build.0 = Release|Any CPU
		{98CC716B-2981-42F5-B06F-BF905F5075DE}.Release|x86.ActiveCfg = Release|Any CPU
		{98CC716B-2981-42F5-B06F-BF905F5075DE}.Release|x86.Build.0 = Release|Any CPU
		{4E9FF553-D739-4CB3-8A85-85B6B3D4AC0E}.Debug|Any CPU.ActiveCfg = Debug|Any CPU
		{4E9FF553-D739-4CB3-8A85-85B6B3D4AC0E}.Debug|Any CPU.Build.0 = Debug|Any CPU
		{4E9FF553-D739-4CB3-8A85-85B6B3D4AC0E}.Debug|x64.ActiveCfg = Debug|Any CPU
		{4E9FF553-D739-4CB3-8A85-85B6B3D4AC0E}.Debug|x64.Build.0 = Debug|Any CPU
		{4E9FF553-D739-4CB3-8A85-85B6B3D4AC0E}.Debug|x86.ActiveCfg = Debug|Any CPU
		{4E9FF553-D739-4CB3-8A85-85B6B3D4AC0E}.Debug|x86.Build.0 = Debug|Any CPU
		{4E9FF553-D739-4CB3-8A85-85B6B3D4AC0E}.Release|Any CPU.ActiveCfg = Release|Any CPU
		{4E9FF553-D739-4CB3-8A85-85B6B3D4AC0E}.Release|Any CPU.Build.0 = Release|Any CPU
		{4E9FF553-D739-4CB3-8A85-85B6B3D4AC0E}.Release|x64.ActiveCfg = Release|Any CPU
		{4E9FF553-D739-4CB3-8A85-85B6B3D4AC0E}.Release|x64.Build.0 = Release|Any CPU
		{4E9FF553-D739-4CB3-8A85-85B6B3D4AC0E}.Release|x86.ActiveCfg = Release|Any CPU
		{4E9FF553-D739-4CB3-8A85-85B6B3D4AC0E}.Release|x86.Build.0 = Release|Any CPU
		{4ACC5273-32A0-4A28-B074-0C5DC5496610}.Debug|Any CPU.ActiveCfg = Debug|Any CPU
		{4ACC5273-32A0-4A28-B074-0C5DC5496610}.Debug|Any CPU.Build.0 = Debug|Any CPU
		{4ACC5273-32A0-4A28-B074-0C5DC5496610}.Debug|x64.ActiveCfg = Debug|Any CPU
		{4ACC5273-32A0-4A28-B074-0C5DC5496610}.Debug|x64.Build.0 = Debug|Any CPU
		{4ACC5273-32A0-4A28-B074-0C5DC5496610}.Debug|x86.ActiveCfg = Debug|Any CPU
		{4ACC5273-32A0-4A28-B074-0C5DC5496610}.Debug|x86.Build.0 = Debug|Any CPU
		{4ACC5273-32A0-4A28-B074-0C5DC5496610}.Release|Any CPU.ActiveCfg = Release|Any CPU
		{4ACC5273-32A0-4A28-B074-0C5DC5496610}.Release|Any CPU.Build.0 = Release|Any CPU
		{4ACC5273-32A0-4A28-B074-0C5DC5496610}.Release|x64.ActiveCfg = Release|Any CPU
		{4ACC5273-32A0-4A28-B074-0C5DC5496610}.Release|x64.Build.0 = Release|Any CPU
		{4ACC5273-32A0-4A28-B074-0C5DC5496610}.Release|x86.ActiveCfg = Release|Any CPU
		{4ACC5273-32A0-4A28-B074-0C5DC5496610}.Release|x86.Build.0 = Release|Any CPU
		{9DA26D8E-938E-460D-9E25-D038C870B3D2}.Debug|Any CPU.ActiveCfg = Debug|Any CPU
		{9DA26D8E-938E-460D-9E25-D038C870B3D2}.Debug|Any CPU.Build.0 = Debug|Any CPU
		{9DA26D8E-938E-460D-9E25-D038C870B3D2}.Debug|x64.ActiveCfg = Debug|Any CPU
		{9DA26D8E-938E-460D-9E25-D038C870B3D2}.Debug|x64.Build.0 = Debug|Any CPU
		{9DA26D8E-938E-460D-9E25-D038C870B3D2}.Debug|x86.ActiveCfg = Debug|Any CPU
		{9DA26D8E-938E-460D-9E25-D038C870B3D2}.Debug|x86.Build.0 = Debug|Any CPU
		{9DA26D8E-938E-460D-9E25-D038C870B3D2}.Release|Any CPU.ActiveCfg = Release|Any CPU
		{9DA26D8E-938E-460D-9E25-D038C870B3D2}.Release|Any CPU.Build.0 = Release|Any CPU
		{9DA26D8E-938E-460D-9E25-D038C870B3D2}.Release|x64.ActiveCfg = Release|Any CPU
		{9DA26D8E-938E-460D-9E25-D038C870B3D2}.Release|x64.Build.0 = Release|Any CPU
		{9DA26D8E-938E-460D-9E25-D038C870B3D2}.Release|x86.ActiveCfg = Release|Any CPU
		{9DA26D8E-938E-460D-9E25-D038C870B3D2}.Release|x86.Build.0 = Release|Any CPU
		{B1234567-1234-1234-1234-123456789ABC}.Debug|Any CPU.ActiveCfg = Debug|Any CPU
		{B1234567-1234-1234-1234-123456789ABC}.Debug|Any CPU.Build.0 = Debug|Any CPU
		{B1234567-1234-1234-1234-123456789ABC}.Debug|x64.ActiveCfg = Debug|Any CPU
		{B1234567-1234-1234-1234-123456789ABC}.Debug|x64.Build.0 = Debug|Any CPU
		{B1234567-1234-1234-1234-123456789ABC}.Debug|x86.ActiveCfg = Debug|Any CPU
		{B1234567-1234-1234-1234-123456789ABC}.Debug|x86.Build.0 = Debug|Any CPU
		{B1234567-1234-1234-1234-123456789ABC}.Release|Any CPU.ActiveCfg = Release|Any CPU
		{B1234567-1234-1234-1234-123456789ABC}.Release|Any CPU.Build.0 = Release|Any CPU
		{B1234567-1234-1234-1234-123456789ABC}.Release|x64.ActiveCfg = Release|Any CPU
		{B1234567-1234-1234-1234-123456789ABC}.Release|x64.Build.0 = Release|Any CPU
		{B1234567-1234-1234-1234-123456789ABC}.Release|x86.ActiveCfg = Release|Any CPU
		{B1234567-1234-1234-1234-123456789ABC}.Release|x86.Build.0 = Release|Any CPU
		{C1234567-1234-1234-1234-123456789ABC}.Debug|Any CPU.ActiveCfg = Debug|Any CPU
		{C1234567-1234-1234-1234-123456789ABC}.Debug|Any CPU.Build.0 = Debug|Any CPU
		{C1234567-1234-1234-1234-123456789ABC}.Debug|x64.ActiveCfg = Debug|Any CPU
		{C1234567-1234-1234-1234-123456789ABC}.Debug|x64.Build.0 = Debug|Any CPU
		{C1234567-1234-1234-1234-123456789ABC}.Debug|x86.ActiveCfg = Debug|Any CPU
		{C1234567-1234-1234-1234-123456789ABC}.Debug|x86.Build.0 = Debug|Any CPU
		{C1234567-1234-1234-1234-123456789ABC}.Release|Any CPU.ActiveCfg = Release|Any CPU
		{C1234567-1234-1234-1234-123456789ABC}.Release|Any CPU.Build.0 = Release|Any CPU
		{C1234567-1234-1234-1234-123456789ABC}.Release|x64.ActiveCfg = Release|Any CPU
		{C1234567-1234-1234-1234-123456789ABC}.Release|x64.Build.0 = Release|Any CPU
		{C1234567-1234-1234-1234-123456789ABC}.Release|x86.ActiveCfg = Release|Any CPU
		{C1234567-1234-1234-1234-123456789ABC}.Release|x86.Build.0 = Release|Any CPU
	EndGlobalSection
	GlobalSection(SolutionProperties) = preSolution
		HideSolutionNode = FALSE
	EndGlobalSection
	GlobalSection(NestedProjects) = preSolution
		{26E968F4-A096-491B-845B-1E5FFA7934ED} = {827E0CD3-B72D-47B6-A68D-7590B98EB39B}
		{98CC716B-2981-42F5-B06F-BF905F5075DE} = {827E0CD3-B72D-47B6-A68D-7590B98EB39B}
		{4E9FF553-D739-4CB3-8A85-85B6B3D4AC0E} = {827E0CD3-B72D-47B6-A68D-7590B98EB39B}
		{4ACC5273-32A0-4A28-B074-0C5DC5496610} = {827E0CD3-B72D-47B6-A68D-7590B98EB39B}
		{9DA26D8E-938E-460D-9E25-D038C870B3D2} = {827E0CD3-B72D-47B6-A68D-7590B98EB39B}
		{B1234567-1234-1234-1234-123456789ABC} = {827E0CD3-B72D-47B6-A68D-7590B98EB39B}
		{C1234567-1234-1234-1234-123456789ABC} = {827E0CD3-B72D-47B6-A68D-7590B98EB39B}
	EndGlobalSection
EndGlobal
